// !$*UTF8*$!
{
	archiveVersion = 1;
	classes = {
	};
	objectVersion = 55;
	objects = {

/* Begin PBXBuildFile section */
		413EC4692860BD70000C1993 /* AppDelegate.swift in Sources */ = {isa = PBXBuildFile; fileRef = 413EC4682860BD70000C1993 /* AppDelegate.swift */; };
		413EC46B2860BD70000C1993 /* SceneDelegate.swift in Sources */ = {isa = PBXBuildFile; fileRef = 413EC46A2860BD70000C1993 /* SceneDelegate.swift */; };
		413EC4722860BD71000C1993 /* Assets.xcassets in Resources */ = {isa = PBXBuildFile; fileRef = 413EC4712860BD71000C1993 /* Assets.xcassets */; };
		413EC4752860BD71000C1993 /* LaunchScreen.storyboard in Resources */ = {isa = PBXBuildFile; fileRef = 413EC4732860BD71000C1993 /* LaunchScreen.storyboard */; };
		413EC48A2860D0FC000C1993 /* SearchVC.swift in Sources */ = {isa = PBXBuildFile; fileRef = 413EC4892860D0FC000C1993 /* SearchVC.swift */; };
		413EC48C2860D172000C1993 /* CrewListVC.swift in Sources */ = {isa = PBXBuildFile; fileRef = 413EC48B2860D172000C1993 /* CrewListVC.swift */; };
		413EC48E2860DF5B000C1993 /* CBAvatarImageView.swift in Sources */ = {isa = PBXBuildFile; fileRef = 413EC48D2860DF5B000C1993 /* CBAvatarImageView.swift */; };
		413EC4902860DF74000C1993 /* CBEmptyStateView.swift in Sources */ = {isa = PBXBuildFile; fileRef = 413EC48F2860DF74000C1993 /* CBEmptyStateView.swift */; };
		413EC4922860DFA5000C1993 /* CBItemInfoView.swift in Sources */ = {isa = PBXBuildFile; fileRef = 413EC4912860DFA5000C1993 /* CBItemInfoView.swift */; };
		413EC4942860DFC6000C1993 /* CBBodyLabel.swift in Sources */ = {isa = PBXBuildFile; fileRef = 413EC4932860DFC6000C1993 /* CBBodyLabel.swift */; };
		413EC4962860DFD6000C1993 /* CBTitleLabel.swift in Sources */ = {isa = PBXBuildFile; fileRef = 413EC4952860DFD6000C1993 /* CBTitleLabel.swift */; };
		413EC4982860DFE5000C1993 /* CBSecondaryTitleLabel.swift in Sources */ = {isa = PBXBuildFile; fileRef = 413EC4972860DFE5000C1993 /* CBSecondaryTitleLabel.swift */; };
		413EC49A2860E008000C1993 /* CBTextField.swift in Sources */ = {isa = PBXBuildFile; fileRef = 413EC4992860E008000C1993 /* CBTextField.swift */; };
		413EC49C2860E03A000C1993 /* CBButton.swift in Sources */ = {isa = PBXBuildFile; fileRef = 413EC49B2860E03A000C1993 /* CBButton.swift */; };
		413EC49E2860E0C5000C1993 /* PersonCollectionViewCell.swift in Sources */ = {isa = PBXBuildFile; fileRef = 413EC49D2860E0C5000C1993 /* PersonCollectionViewCell.swift */; };
		413EC4A02860E0ED000C1993 /* CrewListCell.swift in Sources */ = {isa = PBXBuildFile; fileRef = 413EC49F2860E0ED000C1993 /* CrewListCell.swift */; };
		413EC4A22860E580000C1993 /* NetworkManager.swift in Sources */ = {isa = PBXBuildFile; fileRef = 413EC4A12860E580000C1993 /* NetworkManager.swift */; };
		413EC4A42860E62D000C1993 /* Person.swift in Sources */ = {isa = PBXBuildFile; fileRef = 413EC4A32860E62D000C1993 /* Person.swift */; };
		413EC4A62860E644000C1993 /* User.swift in Sources */ = {isa = PBXBuildFile; fileRef = 413EC4A52860E644000C1993 /* User.swift */; };
		413EC4A82860E6E8000C1993 /* CBErrors.swift in Sources */ = {isa = PBXBuildFile; fileRef = 413EC4A72860E6E8000C1993 /* CBErrors.swift */; };
		413EC4AA2860E796000C1993 /* UIHelper.swift in Sources */ = {isa = PBXBuildFile; fileRef = 413EC4A92860E796000C1993 /* UIHelper.swift */; };
		413EC4AC2860E7D4000C1993 /* Constants.swift in Sources */ = {isa = PBXBuildFile; fileRef = 413EC4AB2860E7D4000C1993 /* Constants.swift */; };
		413EC4AE2860E8A7000C1993 /* UIViewController+Extensions.swift in Sources */ = {isa = PBXBuildFile; fileRef = 413EC4AD2860E8A7000C1993 /* UIViewController+Extensions.swift */; };
		413EC4B02860E8CD000C1993 /* Date+Extension.swift in Sources */ = {isa = PBXBuildFile; fileRef = 413EC4AF2860E8CD000C1993 /* Date+Extension.swift */; };
		413EC4B22860E8F0000C1993 /* String+Extension.swift in Sources */ = {isa = PBXBuildFile; fileRef = 413EC4B12860E8F0000C1993 /* String+Extension.swift */; };
		413EC4B42860EB42000C1993 /* CBAlertVC.swift in Sources */ = {isa = PBXBuildFile; fileRef = 413EC4B32860EB42000C1993 /* CBAlertVC.swift */; };
		413EC4B62860EDB7000C1993 /* PersonListVC.swift in Sources */ = {isa = PBXBuildFile; fileRef = 413EC4B52860EDB7000C1993 /* PersonListVC.swift */; };
		413EC4B82860F2F6000C1993 /* PersistenceManager.swift in Sources */ = {isa = PBXBuildFile; fileRef = 413EC4B72860F2F6000C1993 /* PersistenceManager.swift */; };
		413EC4BA2860F473000C1993 /* UserInfoVC.swift in Sources */ = {isa = PBXBuildFile; fileRef = 413EC4B92860F473000C1993 /* UserInfoVC.swift */; };
		413EC4BD2860FF04000C1993 /* CBUserInfoHeaderVC.swift in Sources */ = {isa = PBXBuildFile; fileRef = 413EC4BC2860FF04000C1993 /* CBUserInfoHeaderVC.swift */; };
		413EC4BF2860FF40000C1993 /* CBItemForInfoVC.swift in Sources */ = {isa = PBXBuildFile; fileRef = 413EC4BE2860FF40000C1993 /* CBItemForInfoVC.swift */; };
		413EC4C12860FFE0000C1993 /* CBProductionItemVC.swift in Sources */ = {isa = PBXBuildFile; fileRef = 413EC4C02860FFE0000C1993 /* CBProductionItemVC.swift */; };
		413EC4C328613236000C1993 /* CBSkillLabel.swift in Sources */ = {isa = PBXBuildFile; fileRef = 413EC4C228613236000C1993 /* CBSkillLabel.swift */; };
		4142521F2865D97400E50959 /* CBAlertContainerView.swift in Sources */ = {isa = PBXBuildFile; fileRef = 4142521E2865D97400E50959 /* CBAlertContainerView.swift */; };
		41B34EB22864919A0055BCDD /* CBTabBarController.swift in Sources */ = {isa = PBXBuildFile; fileRef = 41B34EB12864919A0055BCDD /* CBTabBarController.swift */; };
/* End PBXBuildFile section */

/* Begin PBXFileReference section */
		413EC4652860BD70000C1993 /* Crew Builder.app */ = {isa = PBXFileReference; explicitFileType = wrapper.application; includeInIndex = 0; path = "Crew Builder.app"; sourceTree = BUILT_PRODUCTS_DIR; };
		413EC4682860BD70000C1993 /* AppDelegate.swift */ = {isa = PBXFileReference; lastKnownFileType = sourcecode.swift; path = AppDelegate.swift; sourceTree = "<group>"; };
		413EC46A2860BD70000C1993 /* SceneDelegate.swift */ = {isa = PBXFileReference; lastKnownFileType = sourcecode.swift; path = SceneDelegate.swift; sourceTree = "<group>"; };
		413EC4712860BD71000C1993 /* Assets.xcassets */ = {isa = PBXFileReference; lastKnownFileType = folder.assetcatalog; path = Assets.xcassets; sourceTree = "<group>"; };
		413EC4742860BD71000C1993 /* Base */ = {isa = PBXFileReference; lastKnownFileType = file.storyboard; name = Base; path = Base.lproj/LaunchScreen.storyboard; sourceTree = "<group>"; };
		413EC4762860BD71000C1993 /* Info.plist */ = {isa = PBXFileReference; lastKnownFileType = text.plist.xml; path = Info.plist; sourceTree = "<group>"; };
		413EC4892860D0FC000C1993 /* SearchVC.swift */ = {isa = PBXFileReference; lastKnownFileType = sourcecode.swift; path = SearchVC.swift; sourceTree = "<group>"; };
		413EC48B2860D172000C1993 /* CrewListVC.swift */ = {isa = PBXFileReference; lastKnownFileType = sourcecode.swift; path = CrewListVC.swift; sourceTree = "<group>"; };
		413EC48D2860DF5B000C1993 /* CBAvatarImageView.swift */ = {isa = PBXFileReference; lastKnownFileType = sourcecode.swift; path = CBAvatarImageView.swift; sourceTree = "<group>"; };
		413EC48F2860DF74000C1993 /* CBEmptyStateView.swift */ = {isa = PBXFileReference; lastKnownFileType = sourcecode.swift; path = CBEmptyStateView.swift; sourceTree = "<group>"; };
		413EC4912860DFA5000C1993 /* CBItemInfoView.swift */ = {isa = PBXFileReference; lastKnownFileType = sourcecode.swift; path = CBItemInfoView.swift; sourceTree = "<group>"; };
		413EC4932860DFC6000C1993 /* CBBodyLabel.swift */ = {isa = PBXFileReference; lastKnownFileType = sourcecode.swift; path = CBBodyLabel.swift; sourceTree = "<group>"; };
		413EC4952860DFD6000C1993 /* CBTitleLabel.swift */ = {isa = PBXFileReference; lastKnownFileType = sourcecode.swift; path = CBTitleLabel.swift; sourceTree = "<group>"; };
		413EC4972860DFE5000C1993 /* CBSecondaryTitleLabel.swift */ = {isa = PBXFileReference; lastKnownFileType = sourcecode.swift; path = CBSecondaryTitleLabel.swift; sourceTree = "<group>"; };
		413EC4992860E008000C1993 /* CBTextField.swift */ = {isa = PBXFileReference; lastKnownFileType = sourcecode.swift; path = CBTextField.swift; sourceTree = "<group>"; };
		413EC49B2860E03A000C1993 /* CBButton.swift */ = {isa = PBXFileReference; lastKnownFileType = sourcecode.swift; path = CBButton.swift; sourceTree = "<group>"; };
		413EC49D2860E0C5000C1993 /* PersonCollectionViewCell.swift */ = {isa = PBXFileReference; lastKnownFileType = sourcecode.swift; path = PersonCollectionViewCell.swift; sourceTree = "<group>"; };
		413EC49F2860E0ED000C1993 /* CrewListCell.swift */ = {isa = PBXFileReference; lastKnownFileType = sourcecode.swift; path = CrewListCell.swift; sourceTree = "<group>"; };
		413EC4A12860E580000C1993 /* NetworkManager.swift */ = {isa = PBXFileReference; lastKnownFileType = sourcecode.swift; path = NetworkManager.swift; sourceTree = "<group>"; };
		413EC4A32860E62D000C1993 /* Person.swift */ = {isa = PBXFileReference; lastKnownFileType = sourcecode.swift; path = Person.swift; sourceTree = "<group>"; };
		413EC4A52860E644000C1993 /* User.swift */ = {isa = PBXFileReference; lastKnownFileType = sourcecode.swift; path = User.swift; sourceTree = "<group>"; };
		413EC4A72860E6E8000C1993 /* CBErrors.swift */ = {isa = PBXFileReference; lastKnownFileType = sourcecode.swift; path = CBErrors.swift; sourceTree = "<group>"; };
		413EC4A92860E796000C1993 /* UIHelper.swift */ = {isa = PBXFileReference; lastKnownFileType = sourcecode.swift; path = UIHelper.swift; sourceTree = "<group>"; };
		413EC4AB2860E7D4000C1993 /* Constants.swift */ = {isa = PBXFileReference; lastKnownFileType = sourcecode.swift; path = Constants.swift; sourceTree = "<group>"; };
		413EC4AD2860E8A7000C1993 /* UIViewController+Extensions.swift */ = {isa = PBXFileReference; lastKnownFileType = sourcecode.swift; path = "UIViewController+Extensions.swift"; sourceTree = "<group>"; };
		413EC4AF2860E8CD000C1993 /* Date+Extension.swift */ = {isa = PBXFileReference; lastKnownFileType = sourcecode.swift; path = "Date+Extension.swift"; sourceTree = "<group>"; };
		413EC4B12860E8F0000C1993 /* String+Extension.swift */ = {isa = PBXFileReference; lastKnownFileType = sourcecode.swift; path = "String+Extension.swift"; sourceTree = "<group>"; };
		413EC4B32860EB42000C1993 /* CBAlertVC.swift */ = {isa = PBXFileReference; lastKnownFileType = sourcecode.swift; path = CBAlertVC.swift; sourceTree = "<group>"; };
		413EC4B52860EDB7000C1993 /* PersonListVC.swift */ = {isa = PBXFileReference; lastKnownFileType = sourcecode.swift; path = PersonListVC.swift; sourceTree = "<group>"; };
		413EC4B72860F2F6000C1993 /* PersistenceManager.swift */ = {isa = PBXFileReference; lastKnownFileType = sourcecode.swift; path = PersistenceManager.swift; sourceTree = "<group>"; };
		413EC4B92860F473000C1993 /* UserInfoVC.swift */ = {isa = PBXFileReference; lastKnownFileType = sourcecode.swift; path = UserInfoVC.swift; sourceTree = "<group>"; };
		413EC4BC2860FF04000C1993 /* CBUserInfoHeaderVC.swift */ = {isa = PBXFileReference; lastKnownFileType = sourcecode.swift; path = CBUserInfoHeaderVC.swift; sourceTree = "<group>"; };
		413EC4BE2860FF40000C1993 /* CBItemForInfoVC.swift */ = {isa = PBXFileReference; lastKnownFileType = sourcecode.swift; path = CBItemForInfoVC.swift; sourceTree = "<group>"; };
		413EC4C02860FFE0000C1993 /* CBProductionItemVC.swift */ = {isa = PBXFileReference; lastKnownFileType = sourcecode.swift; path = CBProductionItemVC.swift; sourceTree = "<group>"; };
		413EC4C228613236000C1993 /* CBSkillLabel.swift */ = {isa = PBXFileReference; lastKnownFileType = sourcecode.swift; path = CBSkillLabel.swift; sourceTree = "<group>"; };
		4142521E2865D97400E50959 /* CBAlertContainerView.swift */ = {isa = PBXFileReference; lastKnownFileType = sourcecode.swift; path = CBAlertContainerView.swift; sourceTree = "<group>"; };
		41B34EB12864919A0055BCDD /* CBTabBarController.swift */ = {isa = PBXFileReference; lastKnownFileType = sourcecode.swift; path = CBTabBarController.swift; sourceTree = "<group>"; };
/* End PBXFileReference section */

/* Begin PBXFrameworksBuildPhase section */
		413EC4622860BD70000C1993 /* Frameworks */ = {
			isa = PBXFrameworksBuildPhase;
			buildActionMask = 2147483647;
			files = (
			);
			runOnlyForDeploymentPostprocessing = 0;
		};
/* End PBXFrameworksBuildPhase section */

/* Begin PBXGroup section */
		413EC45C2860BD70000C1993 = {
			isa = PBXGroup;
			children = (
				413EC4672860BD70000C1993 /* Crew Builder */,
				413EC4662860BD70000C1993 /* Products */,
			);
			sourceTree = "<group>";
		};
		413EC4662860BD70000C1993 /* Products */ = {
			isa = PBXGroup;
			children = (
				413EC4652860BD70000C1993 /* Crew Builder.app */,
			);
			name = Products;
			sourceTree = "<group>";
		};
		413EC4672860BD70000C1993 /* Crew Builder */ = {
			isa = PBXGroup;
			children = (
				413EC4682860BD70000C1993 /* AppDelegate.swift */,
				413EC46A2860BD70000C1993 /* SceneDelegate.swift */,
				413EC4822860CEB5000C1993 /* Utilities */,
				413EC4812860CEB3000C1993 /* Managers */,
				413EC47F2860CEAE000C1993 /* Extensions */,
				413EC4802860CEB0000C1993 /* Model */,
				413EC47E2860CEAA000C1993 /* Controllers */,
				413EC47D2860CEA8000C1993 /* Views */,
				413EC4712860BD71000C1993 /* Assets.xcassets */,
				413EC4732860BD71000C1993 /* LaunchScreen.storyboard */,
				413EC4762860BD71000C1993 /* Info.plist */,
			);
			path = "Crew Builder";
			sourceTree = "<group>";
		};
		413EC47D2860CEA8000C1993 /* Views */ = {
			isa = PBXGroup;
			children = (
				413EC4882860CF3A000C1993 /* Composed Views */,
				413EC4872860CF38000C1993 /* Labels */,
				413EC4862860CF35000C1993 /* TextFields */,
				413EC4852860CF30000C1993 /* ImageViews */,
				413EC4842860CF2F000C1993 /* Buttons */,
				413EC4832860CF2D000C1993 /* Cells */,
			);
			path = Views;
			sourceTree = "<group>";
		};
		413EC47E2860CEAA000C1993 /* Controllers */ = {
			isa = PBXGroup;
			children = (
				41B34EB0286491550055BCDD /* TabBar */,
				415DFF2D286206AE00D570A4 /* Search */,
				415DFF2E286206B900D570A4 /* Person List */,
				413EC4BB2860FEB6000C1993 /* User Info */,
				415DFF2F286206CE00D570A4 /* Crew List */,
				415DFF30286206FD00D570A4 /* Alert */,
			);
			path = Controllers;
			sourceTree = "<group>";
		};
		413EC47F2860CEAE000C1993 /* Extensions */ = {
			isa = PBXGroup;
			children = (
				413EC4AD2860E8A7000C1993 /* UIViewController+Extensions.swift */,
				413EC4AF2860E8CD000C1993 /* Date+Extension.swift */,
				413EC4B12860E8F0000C1993 /* String+Extension.swift */,
			);
			path = Extensions;
			sourceTree = "<group>";
		};
		413EC4802860CEB0000C1993 /* Model */ = {
			isa = PBXGroup;
			children = (
				413EC4A32860E62D000C1993 /* Person.swift */,
				413EC4A52860E644000C1993 /* User.swift */,
			);
			path = Model;
			sourceTree = "<group>";
		};
		413EC4812860CEB3000C1993 /* Managers */ = {
			isa = PBXGroup;
			children = (
				413EC4A12860E580000C1993 /* NetworkManager.swift */,
				413EC4B72860F2F6000C1993 /* PersistenceManager.swift */,
			);
			path = Managers;
			sourceTree = "<group>";
		};
		413EC4822860CEB5000C1993 /* Utilities */ = {
			isa = PBXGroup;
			children = (
				413EC4A72860E6E8000C1993 /* CBErrors.swift */,
				413EC4A92860E796000C1993 /* UIHelper.swift */,
				413EC4AB2860E7D4000C1993 /* Constants.swift */,
			);
			path = Utilities;
			sourceTree = "<group>";
		};
		413EC4832860CF2D000C1993 /* Cells */ = {
			isa = PBXGroup;
			children = (
				413EC49D2860E0C5000C1993 /* PersonCollectionViewCell.swift */,
				413EC49F2860E0ED000C1993 /* CrewListCell.swift */,
			);
			path = Cells;
			sourceTree = "<group>";
		};
		413EC4842860CF2F000C1993 /* Buttons */ = {
			isa = PBXGroup;
			children = (
				413EC49B2860E03A000C1993 /* CBButton.swift */,
			);
			path = Buttons;
			sourceTree = "<group>";
		};
		413EC4852860CF30000C1993 /* ImageViews */ = {
			isa = PBXGroup;
			children = (
				413EC48D2860DF5B000C1993 /* CBAvatarImageView.swift */,
			);
			path = ImageViews;
			sourceTree = "<group>";
		};
		413EC4862860CF35000C1993 /* TextFields */ = {
			isa = PBXGroup;
			children = (
				413EC4992860E008000C1993 /* CBTextField.swift */,
			);
			path = TextFields;
			sourceTree = "<group>";
		};
		413EC4872860CF38000C1993 /* Labels */ = {
			isa = PBXGroup;
			children = (
				413EC4932860DFC6000C1993 /* CBBodyLabel.swift */,
				413EC4952860DFD6000C1993 /* CBTitleLabel.swift */,
				413EC4972860DFE5000C1993 /* CBSecondaryTitleLabel.swift */,
				413EC4C228613236000C1993 /* CBSkillLabel.swift */,
			);
			path = Labels;
			sourceTree = "<group>";
		};
		413EC4882860CF3A000C1993 /* Composed Views */ = {
			isa = PBXGroup;
			children = (
				413EC48F2860DF74000C1993 /* CBEmptyStateView.swift */,
			);
			path = "Composed Views";
			sourceTree = "<group>";
		};
		413EC4BB2860FEB6000C1993 /* User Info */ = {
			isa = PBXGroup;
			children = (
				413EC4B92860F473000C1993 /* UserInfoVC.swift */,
				413EC4BC2860FF04000C1993 /* CBUserInfoHeaderVC.swift */,
				413EC4BE2860FF40000C1993 /* CBItemForInfoVC.swift */,
				413EC4C02860FFE0000C1993 /* CBProductionItemVC.swift */,
				413EC4912860DFA5000C1993 /* CBItemInfoView.swift */,
			);
			path = "User Info";
			sourceTree = "<group>";
		};
		415DFF2D286206AE00D570A4 /* Search */ = {
			isa = PBXGroup;
			children = (
				413EC4892860D0FC000C1993 /* SearchVC.swift */,
			);
			path = Search;
			sourceTree = "<group>";
		};
		415DFF2E286206B900D570A4 /* Person List */ = {
			isa = PBXGroup;
			children = (
				413EC4B52860EDB7000C1993 /* PersonListVC.swift */,
			);
			path = "Person List";
			sourceTree = "<group>";
		};
		415DFF2F286206CE00D570A4 /* Crew List */ = {
			isa = PBXGroup;
			children = (
				413EC48B2860D172000C1993 /* CrewListVC.swift */,
			);
			path = "Crew List";
			sourceTree = "<group>";
		};
		415DFF30286206FD00D570A4 /* Alert */ = {
			isa = PBXGroup;
			children = (
				413EC4B32860EB42000C1993 /* CBAlertVC.swift */,
				4142521E2865D97400E50959 /* CBAlertContainerView.swift */,
			);
			path = Alert;
			sourceTree = "<group>";
		};
		41B34EB0286491550055BCDD /* TabBar */ = {
			isa = PBXGroup;
			children = (
				41B34EB12864919A0055BCDD /* CBTabBarController.swift */,
			);
			path = TabBar;
			sourceTree = "<group>";
		};
/* End PBXGroup section */

/* Begin PBXNativeTarget section */
		413EC4642860BD70000C1993 /* Crew Builder */ = {
			isa = PBXNativeTarget;
			buildConfigurationList = 413EC4792860BD71000C1993 /* Build configuration list for PBXNativeTarget "Crew Builder" */;
			buildPhases = (
				413EC4612860BD70000C1993 /* Sources */,
				413EC4622860BD70000C1993 /* Frameworks */,
				413EC4632860BD70000C1993 /* Resources */,
			);
			buildRules = (
			);
			dependencies = (
			);
			name = "Crew Builder";
			productName = "Crew Builder";
			productReference = 413EC4652860BD70000C1993 /* Crew Builder.app */;
			productType = "com.apple.product-type.application";
		};
/* End PBXNativeTarget section */

/* Begin PBXProject section */
		413EC45D2860BD70000C1993 /* Project object */ = {
			isa = PBXProject;
			attributes = {
				BuildIndependentTargetsInParallel = 1;
				LastSwiftUpdateCheck = 1340;
				LastUpgradeCheck = 1340;
				TargetAttributes = {
					413EC4642860BD70000C1993 = {
						CreatedOnToolsVersion = 13.4.1;
					};
				};
			};
			buildConfigurationList = 413EC4602860BD70000C1993 /* Build configuration list for PBXProject "Crew Builder" */;
			compatibilityVersion = "Xcode 13.0";
			developmentRegion = en;
			hasScannedForEncodings = 0;
			knownRegions = (
				en,
				Base,
			);
			mainGroup = 413EC45C2860BD70000C1993;
			productRefGroup = 413EC4662860BD70000C1993 /* Products */;
			projectDirPath = "";
			projectRoot = "";
			targets = (
				413EC4642860BD70000C1993 /* Crew Builder */,
			);
		};
/* End PBXProject section */

/* Begin PBXResourcesBuildPhase section */
		413EC4632860BD70000C1993 /* Resources */ = {
			isa = PBXResourcesBuildPhase;
			buildActionMask = 2147483647;
			files = (
				413EC4752860BD71000C1993 /* LaunchScreen.storyboard in Resources */,
				413EC4722860BD71000C1993 /* Assets.xcassets in Resources */,
			);
			runOnlyForDeploymentPostprocessing = 0;
		};
/* End PBXResourcesBuildPhase section */

/* Begin PBXSourcesBuildPhase section */
		413EC4612860BD70000C1993 /* Sources */ = {
			isa = PBXSourcesBuildPhase;
			buildActionMask = 2147483647;
			files = (
				413EC48A2860D0FC000C1993 /* SearchVC.swift in Sources */,
				413EC4B02860E8CD000C1993 /* Date+Extension.swift in Sources */,
				413EC49E2860E0C5000C1993 /* PersonCollectionViewCell.swift in Sources */,
				413EC48C2860D172000C1993 /* CrewListVC.swift in Sources */,
				413EC48E2860DF5B000C1993 /* CBAvatarImageView.swift in Sources */,
				413EC4B82860F2F6000C1993 /* PersistenceManager.swift in Sources */,
				413EC49A2860E008000C1993 /* CBTextField.swift in Sources */,
				413EC4692860BD70000C1993 /* AppDelegate.swift in Sources */,
				41B34EB22864919A0055BCDD /* CBTabBarController.swift in Sources */,
				413EC4962860DFD6000C1993 /* CBTitleLabel.swift in Sources */,
				413EC4A62860E644000C1993 /* User.swift in Sources */,
				413EC4C12860FFE0000C1993 /* CBProductionItemVC.swift in Sources */,
				413EC4922860DFA5000C1993 /* CBItemInfoView.swift in Sources */,
				413EC4A02860E0ED000C1993 /* CrewListCell.swift in Sources */,
				413EC4AE2860E8A7000C1993 /* UIViewController+Extensions.swift in Sources */,
				413EC4C328613236000C1993 /* CBSkillLabel.swift in Sources */,
				413EC4B22860E8F0000C1993 /* String+Extension.swift in Sources */,
				4142521F2865D97400E50959 /* CBAlertContainerView.swift in Sources */,
				413EC46B2860BD70000C1993 /* SceneDelegate.swift in Sources */,
				413EC4982860DFE5000C1993 /* CBSecondaryTitleLabel.swift in Sources */,
				413EC4BF2860FF40000C1993 /* CBItemForInfoVC.swift in Sources */,
				413EC4902860DF74000C1993 /* CBEmptyStateView.swift in Sources */,
				413EC4B42860EB42000C1993 /* CBAlertVC.swift in Sources */,
				413EC4A82860E6E8000C1993 /* CBErrors.swift in Sources */,
				413EC4A22860E580000C1993 /* NetworkManager.swift in Sources */,
				413EC4AC2860E7D4000C1993 /* Constants.swift in Sources */,
				413EC4AA2860E796000C1993 /* UIHelper.swift in Sources */,
				413EC49C2860E03A000C1993 /* CBButton.swift in Sources */,
				413EC4A42860E62D000C1993 /* Person.swift in Sources */,
				413EC4942860DFC6000C1993 /* CBBodyLabel.swift in Sources */,
				413EC4BD2860FF04000C1993 /* CBUserInfoHeaderVC.swift in Sources */,
				413EC4B62860EDB7000C1993 /* PersonListVC.swift in Sources */,
				413EC4BA2860F473000C1993 /* UserInfoVC.swift in Sources */,
			);
			runOnlyForDeploymentPostprocessing = 0;
		};
/* End PBXSourcesBuildPhase section */

/* Begin PBXVariantGroup section */
		413EC4732860BD71000C1993 /* LaunchScreen.storyboard */ = {
			isa = PBXVariantGroup;
			children = (
				413EC4742860BD71000C1993 /* Base */,
			);
			name = LaunchScreen.storyboard;
			sourceTree = "<group>";
		};
/* End PBXVariantGroup section */

/* Begin XCBuildConfiguration section */
		413EC4772860BD71000C1993 /* Debug */ = {
			isa = XCBuildConfiguration;
			buildSettings = {
				ALWAYS_SEARCH_USER_PATHS = NO;
				CLANG_ANALYZER_NONNULL = YES;
				CLANG_ANALYZER_NUMBER_OBJECT_CONVERSION = YES_AGGRESSIVE;
				CLANG_CXX_LANGUAGE_STANDARD = "gnu++17";
				CLANG_ENABLE_MODULES = YES;
				CLANG_ENABLE_OBJC_ARC = YES;
				CLANG_ENABLE_OBJC_WEAK = YES;
				CLANG_WARN_BLOCK_CAPTURE_AUTORELEASING = YES;
				CLANG_WARN_BOOL_CONVERSION = YES;
				CLANG_WARN_COMMA = YES;
				CLANG_WARN_CONSTANT_CONVERSION = YES;
				CLANG_WARN_DEPRECATED_OBJC_IMPLEMENTATIONS = YES;
				CLANG_WARN_DIRECT_OBJC_ISA_USAGE = YES_ERROR;
				CLANG_WARN_DOCUMENTATION_COMMENTS = YES;
				CLANG_WARN_EMPTY_BODY = YES;
				CLANG_WARN_ENUM_CONVERSION = YES;
				CLANG_WARN_INFINITE_RECURSION = YES;
				CLANG_WARN_INT_CONVERSION = YES;
				CLANG_WARN_NON_LITERAL_NULL_CONVERSION = YES;
				CLANG_WARN_OBJC_IMPLICIT_RETAIN_SELF = YES;
				CLANG_WARN_OBJC_LITERAL_CONVERSION = YES;
				CLANG_WARN_OBJC_ROOT_CLASS = YES_ERROR;
				CLANG_WARN_QUOTED_INCLUDE_IN_FRAMEWORK_HEADER = YES;
				CLANG_WARN_RANGE_LOOP_ANALYSIS = YES;
				CLANG_WARN_STRICT_PROTOTYPES = YES;
				CLANG_WARN_SUSPICIOUS_MOVE = YES;
				CLANG_WARN_UNGUARDED_AVAILABILITY = YES_AGGRESSIVE;
				CLANG_WARN_UNREACHABLE_CODE = YES;
				CLANG_WARN__DUPLICATE_METHOD_MATCH = YES;
				COPY_PHASE_STRIP = NO;
				DEBUG_INFORMATION_FORMAT = dwarf;
				ENABLE_STRICT_OBJC_MSGSEND = YES;
				ENABLE_TESTABILITY = YES;
				GCC_C_LANGUAGE_STANDARD = gnu11;
				GCC_DYNAMIC_NO_PIC = NO;
				GCC_NO_COMMON_BLOCKS = YES;
				GCC_OPTIMIZATION_LEVEL = 0;
				GCC_PREPROCESSOR_DEFINITIONS = (
					"DEBUG=1",
					"$(inherited)",
				);
				GCC_WARN_64_TO_32_BIT_CONVERSION = YES;
				GCC_WARN_ABOUT_RETURN_TYPE = YES_ERROR;
				GCC_WARN_UNDECLARED_SELECTOR = YES;
				GCC_WARN_UNINITIALIZED_AUTOS = YES_AGGRESSIVE;
				GCC_WARN_UNUSED_FUNCTION = YES;
				GCC_WARN_UNUSED_VARIABLE = YES;
				IPHONEOS_DEPLOYMENT_TARGET = 13.0;
				MTL_ENABLE_DEBUG_INFO = INCLUDE_SOURCE;
				MTL_FAST_MATH = YES;
				ONLY_ACTIVE_ARCH = YES;
				SDKROOT = iphoneos;
				SWIFT_ACTIVE_COMPILATION_CONDITIONS = DEBUG;
				SWIFT_OPTIMIZATION_LEVEL = "-Onone";
			};
			name = Debug;
		};
		413EC4782860BD71000C1993 /* Release */ = {
			isa = XCBuildConfiguration;
			buildSettings = {
				ALWAYS_SEARCH_USER_PATHS = NO;
				CLANG_ANALYZER_NONNULL = YES;
				CLANG_ANALYZER_NUMBER_OBJECT_CONVERSION = YES_AGGRESSIVE;
				CLANG_CXX_LANGUAGE_STANDARD = "gnu++17";
				CLANG_ENABLE_MODULES = YES;
				CLANG_ENABLE_OBJC_ARC = YES;
				CLANG_ENABLE_OBJC_WEAK = YES;
				CLANG_WARN_BLOCK_CAPTURE_AUTORELEASING = YES;
				CLANG_WARN_BOOL_CONVERSION = YES;
				CLANG_WARN_COMMA = YES;
				CLANG_WARN_CONSTANT_CONVERSION = YES;
				CLANG_WARN_DEPRECATED_OBJC_IMPLEMENTATIONS = YES;
				CLANG_WARN_DIRECT_OBJC_ISA_USAGE = YES_ERROR;
				CLANG_WARN_DOCUMENTATION_COMMENTS = YES;
				CLANG_WARN_EMPTY_BODY = YES;
				CLANG_WARN_ENUM_CONVERSION = YES;
				CLANG_WARN_INFINITE_RECURSION = YES;
				CLANG_WARN_INT_CONVERSION = YES;
				CLANG_WARN_NON_LITERAL_NULL_CONVERSION = YES;
				CLANG_WARN_OBJC_IMPLICIT_RETAIN_SELF = YES;
				CLANG_WARN_OBJC_LITERAL_CONVERSION = YES;
				CLANG_WARN_OBJC_ROOT_CLASS = YES_ERROR;
				CLANG_WARN_QUOTED_INCLUDE_IN_FRAMEWORK_HEADER = YES;
				CLANG_WARN_RANGE_LOOP_ANALYSIS = YES;
				CLANG_WARN_STRICT_PROTOTYPES = YES;
				CLANG_WARN_SUSPICIOUS_MOVE = YES;
				CLANG_WARN_UNGUARDED_AVAILABILITY = YES_AGGRESSIVE;
				CLANG_WARN_UNREACHABLE_CODE = YES;
				CLANG_WARN__DUPLICATE_METHOD_MATCH = YES;
				COPY_PHASE_STRIP = NO;
				DEBUG_INFORMATION_FORMAT = "dwarf-with-dsym";
				ENABLE_NS_ASSERTIONS = NO;
				ENABLE_STRICT_OBJC_MSGSEND = YES;
				GCC_C_LANGUAGE_STANDARD = gnu11;
				GCC_NO_COMMON_BLOCKS = YES;
				GCC_WARN_64_TO_32_BIT_CONVERSION = YES;
				GCC_WARN_ABOUT_RETURN_TYPE = YES_ERROR;
				GCC_WARN_UNDECLARED_SELECTOR = YES;
				GCC_WARN_UNINITIALIZED_AUTOS = YES_AGGRESSIVE;
				GCC_WARN_UNUSED_FUNCTION = YES;
				GCC_WARN_UNUSED_VARIABLE = YES;
				IPHONEOS_DEPLOYMENT_TARGET = 13.0;
				MTL_ENABLE_DEBUG_INFO = NO;
				MTL_FAST_MATH = YES;
				SDKROOT = iphoneos;
				SWIFT_COMPILATION_MODE = wholemodule;
				SWIFT_OPTIMIZATION_LEVEL = "-O";
				VALIDATE_PRODUCT = YES;
			};
			name = Release;
		};
		413EC47A2860BD71000C1993 /* Debug */ = {
			isa = XCBuildConfiguration;
			buildSettings = {
				ASSETCATALOG_COMPILER_APPICON_NAME = AppIcon;
				ASSETCATALOG_COMPILER_GLOBAL_ACCENT_COLOR_NAME = AccentColor;
				CODE_SIGN_STYLE = Automatic;
				CURRENT_PROJECT_VERSION = 1;
				DEVELOPMENT_TEAM = 947MDTH7AR;
				GENERATE_INFOPLIST_FILE = YES;
				INFOPLIST_FILE = "Crew Builder/Info.plist";
				INFOPLIST_KEY_UIApplicationSupportsIndirectInputEvents = YES;
				INFOPLIST_KEY_UILaunchStoryboardName = LaunchScreen;
				INFOPLIST_KEY_UISupportedInterfaceOrientations = UIInterfaceOrientationPortrait;
				INFOPLIST_KEY_UISupportedInterfaceOrientations_iPad = "UIInterfaceOrientationPortrait UIInterfaceOrientationPortraitUpsideDown UIInterfaceOrientationLandscapeLeft UIInterfaceOrientationLandscapeRight";
				INFOPLIST_KEY_UISupportedInterfaceOrientations_iPhone = "UIInterfaceOrientationPortrait UIInterfaceOrientationLandscapeLeft UIInterfaceOrientationLandscapeRight";
				LD_RUNPATH_SEARCH_PATHS = (
					"$(inherited)",
					"@executable_path/Frameworks",
				);
				MARKETING_VERSION = 1.0;
				PRODUCT_BUNDLE_IDENTIFIER = "FrankfurtIndustries.Crew-Builder";
				PRODUCT_NAME = "$(TARGET_NAME)";
				SWIFT_EMIT_LOC_STRINGS = YES;
				SWIFT_VERSION = 5.0;
				TARGETED_DEVICE_FAMILY = 1;
			};
			name = Debug;
		};
		413EC47B2860BD71000C1993 /* Release */ = {
			isa = XCBuildConfiguration;
			buildSettings = {
				ASSETCATALOG_COMPILER_APPICON_NAME = AppIcon;
				ASSETCATALOG_COMPILER_GLOBAL_ACCENT_COLOR_NAME = AccentColor;
				CODE_SIGN_STYLE = Automatic;
				CURRENT_PROJECT_VERSION = 1;
				DEVELOPMENT_TEAM = 947MDTH7AR;
				GENERATE_INFOPLIST_FILE = YES;
				INFOPLIST_FILE = "Crew Builder/Info.plist";
				INFOPLIST_KEY_UIApplicationSupportsIndirectInputEvents = YES;
				INFOPLIST_KEY_UILaunchStoryboardName = LaunchScreen;
				INFOPLIST_KEY_UISupportedInterfaceOrientations = UIInterfaceOrientationPortrait;
				INFOPLIST_KEY_UISupportedInterfaceOrientations_iPad = "UIInterfaceOrientationPortrait UIInterfaceOrientationPortraitUpsideDown UIInterfaceOrientationLandscapeLeft UIInterfaceOrientationLandscapeRight";
				INFOPLIST_KEY_UISupportedInterfaceOrientations_iPhone = "UIInterfaceOrientationPortrait UIInterfaceOrientationLandscapeLeft UIInterfaceOrientationLandscapeRight";
				LD_RUNPATH_SEARCH_PATHS = (
					"$(inherited)",
					"@executable_path/Frameworks",
				);
				MARKETING_VERSION = 1.0;
				PRODUCT_BUNDLE_IDENTIFIER = "FrankfurtIndustries.Crew-Builder";
				PRODUCT_NAME = "$(TARGET_NAME)";
				SWIFT_EMIT_LOC_STRINGS = YES;
				SWIFT_VERSION = 5.0;
				TARGETED_DEVICE_FAMILY = 1;
			};
			name = Release;
		};
/* End XCBuildConfiguration section */

/* Begin XCConfigurationList section */
		413EC4602860BD70000C1993 /* Build configuration list for PBXProject "Crew Builder" */ = {
			isa = XCConfigurationList;
			buildConfigurations = (
				413EC4772860BD71000C1993 /* Debug */,
				413EC4782860BD71000C1993 /* Release */,
			);
			defaultConfigurationIsVisible = 0;
			defaultConfigurationName = Release;
		};
		413EC4792860BD71000C1993 /* Build configuration list for PBXNativeTarget "Crew Builder" */ = {
			isa = XCConfigurationList;
			buildConfigurations = (
				413EC47A2860BD71000C1993 /* Debug */,
				413EC47B2860BD71000C1993 /* Release */,
			);
			defaultConfigurationIsVisible = 0;
			defaultConfigurationName = Release;
		};
/* End XCConfigurationList section */
	};
	rootObject = 413EC45D2860BD70000C1993 /* Project object */;
}
